
Microsoft Visual Studio Solution File, Format Version 12.00
# Visual Studio Version 17
VisualStudioVersion = 17.2.32630.192
MinimumVisualStudioVersion = 10.0.40219.1
Project("{9A19103F-16F7-4668-BE54-9A1E7A4F7556}") = "TranslateBot", "TranslateBot\TranslateBot.csproj", "{33BE3258-8C57-45CD-83AA-0EC47A52A29F}"
EndProject
Project("{9A19103F-16F7-4668-BE54-9A1E7A4F7556}") = "Test", "Test\Test.csproj", "{8CEF4B59-63B6-4DC2-8E96-14D3FFEECDEC}"
EndProject
Project("{9A19103F-16F7-4668-BE54-9A1E7A4F7556}") = "Utils", "..\Utils\Utils\Utils.csproj", "{2AB3DB00-6752-4763-AF12-0BEDB0FCBD15}"
EndProject
Global
	GlobalSection(SolutionConfigurationPlatforms) = preSolution
		Debug|Any CPU = Debug|Any CPU
		Release|Any CPU = Release|Any CPU
	EndGlobalSection
	GlobalSection(ProjectConfigurationPlatforms) = postSolution
		{33BE3258-8C57-45CD-83AA-0EC47A52A29F}.Debug|Any CPU.ActiveCfg = Debug|Any CPU
		{33BE3258-8C57-45CD-83AA-0EC47A52A29F}.Debug|Any CPU.Build.0 = Debug|Any CPU
		{33BE3258-8C57-45CD-83AA-0EC47A52A29F}.Release|Any CPU.ActiveCfg = Release|Any CPU
		{33BE3258-8C57-45CD-83AA-0EC47A52A29F}.Release|Any CPU.Build.0 = Release|Any CPU
		{8CEF4B59-63B6-4DC2-8E96-14D3FFEECDEC}.Debug|Any CPU.ActiveCfg = Debug|Any CPU
		{8CEF4B59-63B6-4DC2-8E96-14D3FFEECDEC}.Debug|Any CPU.Build.0 = Debug|Any CPU
		{8CEF4B59-63B6-4DC2-8E96-14D3FFEECDEC}.Release|Any CPU.ActiveCfg = Release|Any CPU
		{8CEF4B59-63B6-4DC2-8E96-14D3FFEECDEC}.Release|Any CPU.Build.0 = Release|Any CPU
		{2AB3DB00-6752-4763-AF12-0BEDB0FCBD15}.Debug|Any CPU.ActiveCfg = Debug|Any CPU
		{2AB3DB00-6752-4763-AF12-0BEDB0FCBD15}.Debug|Any CPU.Build.0 = Debug|Any CPU
		{2AB3DB00-6752-4763-AF12-0BEDB0FCBD15}.Release|Any CPU.ActiveCfg = Release|Any CPU
		{2AB3DB00-6752-4763-AF12-0BEDB0FCBD15}.Release|Any CPU.Build.0 = Release|Any CPU
	EndGlobalSection
	GlobalSection(SolutionProperties) = preSolution
		HideSolutionNode = FALSE
	EndGlobalSection
	GlobalSection(ExtensibilityGlobals) = postSolution
		SolutionGuid = {23A2FAF9-EAE9-4B65-B0A5-12FB54096364}
	EndGlobalSection
EndGlobal
