
Microsoft Visual Studio Solution File, Format Version 12.00
# Visual Studio Version 17
VisualStudioVersion = 17.0.31903.59
MinimumVisualStudioVersion = 10.0.40219.1
Project("{FAE04EC0-301F-11D3-BF4B-00C04F79EFBC}") = "Abstractions", "Abstractions\Abstractions.csproj", "{E71F8958-3EF0-434A-9CEB-146A32185AAA}"
EndProject
Project("{2150E333-8FDC-42A3-9474-1A3956D46DE8}") = "Dependencies", "Dependencies", "{18275C71-1A3E-4226-859D-120B285FD2BD}"
EndProject
Project("{FAE04EC0-301F-11D3-BF4B-00C04F79EFBC}") = "BicycleEcs", "Dependencies\BicycleEcs\BicycleEcs.csproj", "{9F918632-2CF4-460A-AE7D-795873344677}"
EndProject
Project("{FAE04EC0-301F-11D3-BF4B-00C04F79EFBC}") = "Utils", "Dependencies\Utils\Utils.csproj", "{77325F78-3C7E-4F3C-B942-B72A75BB6655}"
EndProject
Project("{FAE04EC0-301F-11D3-BF4B-00C04F79EFBC}") = "Modules", "Modules\Modules.csproj", "{2A6F8DAE-B367-41D7-B702-00B8AB8D1E62}"
EndProject
Project("{FAE04EC0-301F-11D3-BF4B-00C04F79EFBC}") = "Runner", "Runner\Runner.csproj", "{BFEA73E5-5588-489B-B4CE-E13F2FA4741E}"
EndProject
Global
	GlobalSection(SolutionConfigurationPlatforms) = preSolution
		Debug|Any CPU = Debug|Any CPU
		Release|Any CPU = Release|Any CPU
	EndGlobalSection
	GlobalSection(SolutionProperties) = preSolution
		HideSolutionNode = FALSE
	EndGlobalSection
	GlobalSection(ProjectConfigurationPlatforms) = postSolution
		{E71F8958-3EF0-434A-9CEB-146A32185AAA}.Debug|Any CPU.ActiveCfg = Debug|Any CPU
		{E71F8958-3EF0-434A-9CEB-146A32185AAA}.Debug|Any CPU.Build.0 = Debug|Any CPU
		{E71F8958-3EF0-434A-9CEB-146A32185AAA}.Release|Any CPU.ActiveCfg = Release|Any CPU
		{E71F8958-3EF0-434A-9CEB-146A32185AAA}.Release|Any CPU.Build.0 = Release|Any CPU
		{9F918632-2CF4-460A-AE7D-795873344677}.Debug|Any CPU.ActiveCfg = Debug|Any CPU
		{9F918632-2CF4-460A-AE7D-795873344677}.Debug|Any CPU.Build.0 = Debug|Any CPU
		{9F918632-2CF4-460A-AE7D-795873344677}.Release|Any CPU.ActiveCfg = Release|Any CPU
		{9F918632-2CF4-460A-AE7D-795873344677}.Release|Any CPU.Build.0 = Release|Any CPU
		{77325F78-3C7E-4F3C-B942-B72A75BB6655}.Debug|Any CPU.ActiveCfg = Debug|Any CPU
		{77325F78-3C7E-4F3C-B942-B72A75BB6655}.Debug|Any CPU.Build.0 = Debug|Any CPU
		{77325F78-3C7E-4F3C-B942-B72A75BB6655}.Release|Any CPU.ActiveCfg = Release|Any CPU
		{77325F78-3C7E-4F3C-B942-B72A75BB6655}.Release|Any CPU.Build.0 = Release|Any CPU
		{2A6F8DAE-B367-41D7-B702-00B8AB8D1E62}.Debug|Any CPU.ActiveCfg = Debug|Any CPU
		{2A6F8DAE-B367-41D7-B702-00B8AB8D1E62}.Debug|Any CPU.Build.0 = Debug|Any CPU
		{2A6F8DAE-B367-41D7-B702-00B8AB8D1E62}.Release|Any CPU.ActiveCfg = Release|Any CPU
		{2A6F8DAE-B367-41D7-B702-00B8AB8D1E62}.Release|Any CPU.Build.0 = Release|Any CPU
		{BFEA73E5-5588-489B-B4CE-E13F2FA4741E}.Debug|Any CPU.ActiveCfg = Debug|Any CPU
		{BFEA73E5-5588-489B-B4CE-E13F2FA4741E}.Debug|Any CPU.Build.0 = Debug|Any CPU
		{BFEA73E5-5588-489B-B4CE-E13F2FA4741E}.Release|Any CPU.ActiveCfg = Release|Any CPU
		{BFEA73E5-5588-489B-B4CE-E13F2FA4741E}.Release|Any CPU.Build.0 = Release|Any CPU
	EndGlobalSection
	GlobalSection(NestedProjects) = preSolution
		{9F918632-2CF4-460A-AE7D-795873344677} = {18275C71-1A3E-4226-859D-120B285FD2BD}
		{77325F78-3C7E-4F3C-B942-B72A75BB6655} = {18275C71-1A3E-4226-859D-120B285FD2BD}
	EndGlobalSection
EndGlobal
