
Microsoft Visual Studio Solution File, Format Version 12.00
# Visual Studio Version 17
VisualStudioVersion = 17.2.32630.192
MinimumVisualStudioVersion = 10.0.40219.1
Project("{9A19103F-16F7-4668-BE54-9A1E7A4F7556}") = "Bot.Abstractions", "Bot.Abstractions\Bot.Abstractions.csproj", "{74D8DF82-5575-4062-9D7E-55472FD24089}"
EndProject
Project("{9A19103F-16F7-4668-BE54-9A1E7A4F7556}") = "Bot.Runner", "Bot.Runner\Bot.Runner.csproj", "{59BEA7E1-FC7E-4EDE-817D-3FDEF481FE8A}"
EndProject
Project("{9A19103F-16F7-4668-BE54-9A1E7A4F7556}") = "Bot.Modules", "Bot.Modules\Bot.Modules.csproj", "{977AE27A-F454-40F7-88B9-FDDE5056C71E}"
EndProject
Project("{9A19103F-16F7-4668-BE54-9A1E7A4F7556}") = "BicycleEcs", "BicycleEcs\BicycleEcs\BicycleEcs.csproj", "{C026C242-94E0-41BE-A68E-7FF0E579117A}"
EndProject
Project("{FAE04EC0-301F-11D3-BF4B-00C04F79EFBC}") = "Utils", "Utils\Utils.csproj", "{2077C81A-C109-4BB9-AB8A-21EAEA3E6485}"
EndProject
Global
	GlobalSection(SolutionConfigurationPlatforms) = preSolution
		Debug|Any CPU = Debug|Any CPU
		Release|Any CPU = Release|Any CPU
	EndGlobalSection
	GlobalSection(ProjectConfigurationPlatforms) = postSolution
		{74D8DF82-5575-4062-9D7E-55472FD24089}.Debug|Any CPU.ActiveCfg = Debug|Any CPU
		{74D8DF82-5575-4062-9D7E-55472FD24089}.Debug|Any CPU.Build.0 = Debug|Any CPU
		{74D8DF82-5575-4062-9D7E-55472FD24089}.Release|Any CPU.ActiveCfg = Release|Any CPU
		{74D8DF82-5575-4062-9D7E-55472FD24089}.Release|Any CPU.Build.0 = Release|Any CPU
		{59BEA7E1-FC7E-4EDE-817D-3FDEF481FE8A}.Debug|Any CPU.ActiveCfg = Debug|Any CPU
		{59BEA7E1-FC7E-4EDE-817D-3FDEF481FE8A}.Debug|Any CPU.Build.0 = Debug|Any CPU
		{59BEA7E1-FC7E-4EDE-817D-3FDEF481FE8A}.Release|Any CPU.ActiveCfg = Release|Any CPU
		{59BEA7E1-FC7E-4EDE-817D-3FDEF481FE8A}.Release|Any CPU.Build.0 = Release|Any CPU
		{977AE27A-F454-40F7-88B9-FDDE5056C71E}.Debug|Any CPU.ActiveCfg = Debug|Any CPU
		{977AE27A-F454-40F7-88B9-FDDE5056C71E}.Debug|Any CPU.Build.0 = Debug|Any CPU
		{977AE27A-F454-40F7-88B9-FDDE5056C71E}.Release|Any CPU.ActiveCfg = Release|Any CPU
		{977AE27A-F454-40F7-88B9-FDDE5056C71E}.Release|Any CPU.Build.0 = Release|Any CPU
		{C026C242-94E0-41BE-A68E-7FF0E579117A}.Debug|Any CPU.ActiveCfg = Debug|Any CPU
		{C026C242-94E0-41BE-A68E-7FF0E579117A}.Debug|Any CPU.Build.0 = Debug|Any CPU
		{C026C242-94E0-41BE-A68E-7FF0E579117A}.Release|Any CPU.ActiveCfg = Release|Any CPU
		{C026C242-94E0-41BE-A68E-7FF0E579117A}.Release|Any CPU.Build.0 = Release|Any CPU
		{2077C81A-C109-4BB9-AB8A-21EAEA3E6485}.Debug|Any CPU.ActiveCfg = Debug|Any CPU
		{2077C81A-C109-4BB9-AB8A-21EAEA3E6485}.Debug|Any CPU.Build.0 = Debug|Any CPU
		{2077C81A-C109-4BB9-AB8A-21EAEA3E6485}.Release|Any CPU.ActiveCfg = Release|Any CPU
		{2077C81A-C109-4BB9-AB8A-21EAEA3E6485}.Release|Any CPU.Build.0 = Release|Any CPU
	EndGlobalSection
	GlobalSection(SolutionProperties) = preSolution
		HideSolutionNode = FALSE
	EndGlobalSection
	GlobalSection(ExtensibilityGlobals) = postSolution
		SolutionGuid = {23A2FAF9-EAE9-4B65-B0A5-12FB54096364}
	EndGlobalSection
EndGlobal
